
Microsoft Visual Studio Solution File, Format Version 12.00
# Visual Studio Version 17
VisualStudioVersion = 17.0.31903.59
MinimumVisualStudioVersion = 10.0.40219.1
Project("{FAE04EC0-301F-11D3-BF4B-00C04F79EFBC}") = "Main", "Main\Main.csproj", "{8D958F5D-A517-43E9-AFD9-D36BCB94DB2B}"
EndProject
Project("{FAE04EC0-301F-11D3-BF4B-00C04F79EFBC}") = "Memento", "Momento\Memento.csproj", "{71EB716D-0665-492A-91B6-FDFC9ECA85B5}"
EndProject
Project("{FAE04EC0-301F-11D3-BF4B-00C04F79EFBC}") = "StatePattern", "StatePattern\StatePattern.csproj", "{B5B99DF6-D28C-4174-B3DE-5D6B11C37416}"
EndProject
Global
	GlobalSection(SolutionConfigurationPlatforms) = preSolution
		Debug|Any CPU = Debug|Any CPU
		Release|Any CPU = Release|Any CPU
	EndGlobalSection
	GlobalSection(ProjectConfigurationPlatforms) = postSolution
		{8D958F5D-A517-43E9-AFD9-D36BCB94DB2B}.Debug|Any CPU.ActiveCfg = Debug|Any CPU
		{8D958F5D-A517-43E9-AFD9-D36BCB94DB2B}.Debug|Any CPU.Build.0 = Debug|Any CPU
		{8D958F5D-A517-43E9-AFD9-D36BCB94DB2B}.Release|Any CPU.ActiveCfg = Release|Any CPU
		{8D958F5D-A517-43E9-AFD9-D36BCB94DB2B}.Release|Any CPU.Build.0 = Release|Any CPU
		{71EB716D-0665-492A-91B6-FDFC9ECA85B5}.Debug|Any CPU.ActiveCfg = Debug|Any CPU
		{71EB716D-0665-492A-91B6-FDFC9ECA85B5}.Debug|Any CPU.Build.0 = Debug|Any CPU
		{71EB716D-0665-492A-91B6-FDFC9ECA85B5}.Release|Any CPU.ActiveCfg = Release|Any CPU
		{71EB716D-0665-492A-91B6-FDFC9ECA85B5}.Release|Any CPU.Build.0 = Release|Any CPU
		{B5B99DF6-D28C-4174-B3DE-5D6B11C37416}.Debug|Any CPU.ActiveCfg = Debug|Any CPU
		{B5B99DF6-D28C-4174-B3DE-5D6B11C37416}.Debug|Any CPU.Build.0 = Debug|Any CPU
		{B5B99DF6-D28C-4174-B3DE-5D6B11C37416}.Release|Any CPU.ActiveCfg = Release|Any CPU
		{B5B99DF6-D28C-4174-B3DE-5D6B11C37416}.Release|Any CPU.Build.0 = Release|Any CPU
	EndGlobalSection
	GlobalSection(SolutionProperties) = preSolution
		HideSolutionNode = FALSE
	EndGlobalSection
	GlobalSection(ExtensibilityGlobals) = postSolution
		SolutionGuid = {171845D5-1400-4603-A40C-505B5007FA9E}
	EndGlobalSection
EndGlobal
